
Microsoft Visual Studio Solution File, Format Version 12.00
# Visual Studio Version 16
VisualStudioVersion = 16.0.31624.102
MinimumVisualStudioVersion = 10.0.40219.1
Project("{FAE04EC0-301F-11D3-BF4B-00C04F79EFBC}") = "Platform Game", "Platform Game.csproj", "{DC493B5F-8F41-4671-87F0-507351AEEA4F}"
EndProject
Global
	GlobalSection(SolutionConfigurationPlatforms) = preSolution
		Debug|Any CPU = Debug|Any CPU
		Release|Any CPU = Release|Any CPU
	EndGlobalSection
	GlobalSection(ProjectConfigurationPlatforms) = postSolution
		{DC493B5F-8F41-4671-87F0-507351AEEA4F}.Debug|Any CPU.ActiveCfg = Debug|Any CPU
		{DC493B5F-8F41-4671-87F0-507351AEEA4F}.Debug|Any CPU.Build.0 = Debug|Any CPU
		{DC493B5F-8F41-4671-87F0-507351AEEA4F}.Release|Any CPU.ActiveCfg = Release|Any CPU
		{DC493B5F-8F41-4671-87F0-507351AEEA4F}.Release|Any CPU.Build.0 = Release|Any CPU
	EndGlobalSection
	GlobalSection(SolutionProperties) = preSolution
		HideSolutionNode = FALSE
	EndGlobalSection
	GlobalSection(ExtensibilityGlobals) = postSolution
		SolutionGuid = {B2E28B83-6F6D-4E9F-828D-D1A465E6221D}
	EndGlobalSection
EndGlobal
